// !$*UTF8*$!
{
	archiveVersion = 1;
	classes = {
	};
	objectVersion = 46;
	objects = {

/* Begin PBXBuildFile section */
		84266B101F24A476004E304D /* WaypointsViewController.swift in Sources */ = {isa = PBXBuildFile; fileRef = 84266B0F1F24A476004E304D /* WaypointsViewController.swift */; };
		8434E7F51F2BBC4900795A72 /* Stop.swift in Sources */ = {isa = PBXBuildFile; fileRef = 8434E7F41F2BBC4900795A72 /* Stop.swift */; };
		844709591F2148730057CE01 /* darkBlueStyle.json in Resources */ = {isa = PBXBuildFile; fileRef = 844709581F2148730057CE01 /* darkBlueStyle.json */; };
		844AAB761F21442800F20E11 /* UIColorExtension.swift in Sources */ = {isa = PBXBuildFile; fileRef = 844AAB751F21442800F20E11 /* UIColorExtension.swift */; };
		8460B5AE1F19FA940097B534 /* Login.storyboard in Resources */ = {isa = PBXBuildFile; fileRef = 8460B5AC1F19FA940097B534 /* Login.storyboard */; };
		8460B5B31F1A0FB30097B534 /* LoginVC.swift in Sources */ = {isa = PBXBuildFile; fileRef = 8460B5B21F1A0FB30097B534 /* LoginVC.swift */; };
		84A132861F271727002B324B /* StepCell.swift in Sources */ = {isa = PBXBuildFile; fileRef = 84A132851F271727002B324B /* StepCell.swift */; };
		84A9C2F41F31D040006B571D /* JoinLobby.storyboard in Resources */ = {isa = PBXBuildFile; fileRef = 84A9C2F21F31D040006B571D /* JoinLobby.storyboard */; };
		84A9C2F61F31D32A006B571D /* JoinLobbyViewController.swift in Sources */ = {isa = PBXBuildFile; fileRef = 84A9C2F51F31D32A006B571D /* JoinLobbyViewController.swift */; };
		84A9C2F91F31DB64006B571D /* GroupAndMap.storyboard in Resources */ = {isa = PBXBuildFile; fileRef = 84A9C2F71F31DB64006B571D /* GroupAndMap.storyboard */; };
		84A9C2FB1F31DDD8006B571D /* GroupAndMapViewController.swift in Sources */ = {isa = PBXBuildFile; fileRef = 84A9C2FA1F31DDD8006B571D /* GroupAndMapViewController.swift */; };
		84A9C2FD1F31E2A6006B571D /* GroupTabViewController.swift in Sources */ = {isa = PBXBuildFile; fileRef = 84A9C2FC1F31E2A6006B571D /* GroupTabViewController.swift */; };
		84A9C2FF1F31E2D6006B571D /* MapTabViewController.swift in Sources */ = {isa = PBXBuildFile; fileRef = 84A9C2FE1F31E2D6006B571D /* MapTabViewController.swift */; };
		84B676991F2211A300AD7E20 /* GoogleMapManager.swift in Sources */ = {isa = PBXBuildFile; fileRef = 84B676981F2211A300AD7E20 /* GoogleMapManager.swift */; };
		84DE587B1F263F18009E5B62 /* Step.swift in Sources */ = {isa = PBXBuildFile; fileRef = 84DE587A1F263F18009E5B62 /* Step.swift */; };
		84E935841F235FDA0073506C /* LobbyDetailViewController.swift in Sources */ = {isa = PBXBuildFile; fileRef = 84E935821F235FDA0073506C /* LobbyDetailViewController.swift */; };
		84E935851F235FDA0073506C /* LobbyDetailViewController.xib in Resources */ = {isa = PBXBuildFile; fileRef = 84E935831F235FDA0073506C /* LobbyDetailViewController.xib */; };
		84E935881F236E640073506C /* LobbyCell.swift in Sources */ = {isa = PBXBuildFile; fileRef = 84E935861F236E640073506C /* LobbyCell.swift */; };
		84E935891F236E640073506C /* LobbyCell.xib in Resources */ = {isa = PBXBuildFile; fileRef = 84E935871F236E640073506C /* LobbyCell.xib */; };
		84EEEACC1F1C7F2B0069463D /* PhoneSignupViewController.swift in Sources */ = {isa = PBXBuildFile; fileRef = 84EEEACB1F1C7F2B0069463D /* PhoneSignupViewController.swift */; };
		84EEEACE1F1C852F0069463D /* UIExtension.swift in Sources */ = {isa = PBXBuildFile; fileRef = 84EEEACD1F1C852F0069463D /* UIExtension.swift */; };
		84EEEAD01F1C9C670069463D /* VerificationCodeViewController.swift in Sources */ = {isa = PBXBuildFile; fileRef = 84EEEACF1F1C9C670069463D /* VerificationCodeViewController.swift */; };
		84EEEB121F1D3EDC0069463D /* NSDataUtilities.swift in Sources */ = {isa = PBXBuildFile; fileRef = 84EEEB111F1D3EDC0069463D /* NSDataUtilities.swift */; };
		84EEEB161F1D40150069463D /* Account.swift in Sources */ = {isa = PBXBuildFile; fileRef = 84EEEB131F1D40150069463D /* Account.swift */; };
		84EEEB171F1D40150069463D /* DataObject.swift in Sources */ = {isa = PBXBuildFile; fileRef = 84EEEB141F1D40150069463D /* DataObject.swift */; };
		84EEEB181F1D40150069463D /* Position.swift in Sources */ = {isa = PBXBuildFile; fileRef = 84EEEB151F1D40150069463D /* Position.swift */; };
		84EEEB1B1F1D42450069463D /* SetUpTrip.storyboard in Resources */ = {isa = PBXBuildFile; fileRef = 84EEEB191F1D42450069463D /* SetUpTrip.storyboard */; };
		84EEEB1E1F1D43080069463D /* InitialTripViewController.swift in Sources */ = {isa = PBXBuildFile; fileRef = 84EEEB1D1F1D43080069463D /* InitialTripViewController.swift */; };
		84FD2EBC1F2DFE2600E37CE6 /* GoogleMapThumbView.swift in Sources */ = {isa = PBXBuildFile; fileRef = 84FD2EBB1F2DFE2600E37CE6 /* GoogleMapThumbView.swift */; };
		C83B63FB1F19D11800F14E78 /* AppDelegate.swift in Sources */ = {isa = PBXBuildFile; fileRef = C83B63E71F19D11800F14E78 /* AppDelegate.swift */; };
		C83B63FD1F19D11800F14E78 /* LaunchScreen.storyboard in Resources */ = {isa = PBXBuildFile; fileRef = C83B63EA1F19D11800F14E78 /* LaunchScreen.storyboard */; };
		C83B63FF1F19D11800F14E78 /* DeviceViewController.swift in Sources */ = {isa = PBXBuildFile; fileRef = C83B63EF1F19D11800F14E78 /* DeviceViewController.swift */; };
		C83B64001F19D11800F14E78 /* LobbyViewController.swift in Sources */ = {isa = PBXBuildFile; fileRef = C83B63F01F19D11800F14E78 /* LobbyViewController.swift */; };
		C83B64021F19D11800F14E78 /* DeviceCell.swift in Sources */ = {isa = PBXBuildFile; fileRef = C83B63F21F19D11800F14E78 /* DeviceCell.swift */; };
		C83B64031F19D11800F14E78 /* GoogleService-Info.plist in Resources */ = {isa = PBXBuildFile; fileRef = C83B63F31F19D11800F14E78 /* GoogleService-Info.plist */; };
		C83B64041F19D11800F14E78 /* Info.plist in Resources */ = {isa = PBXBuildFile; fileRef = C83B63F51F19D11800F14E78 /* Info.plist */; };
		C83B64051F19D11800F14E78 /* DeviceCell.xib in Resources */ = {isa = PBXBuildFile; fileRef = C83B63F81F19D11800F14E78 /* DeviceCell.xib */; };
		C83B64061F19D11800F14E78 /* DeviceViewController.xib in Resources */ = {isa = PBXBuildFile; fileRef = C83B63F91F19D11800F14E78 /* DeviceViewController.xib */; };
		C83B64071F19D11900F14E78 /* LobbyViewController.xib in Resources */ = {isa = PBXBuildFile; fileRef = C83B63FA1F19D11800F14E78 /* LobbyViewController.xib */; };
		C83B640A1F19D18400F14E78 /* Assets.xcassets in Resources */ = {isa = PBXBuildFile; fileRef = C83B64091F19D18400F14E78 /* Assets.xcassets */; };
		C83B640C1F19D1DB00F14E78 /* FirebaseClient.swift in Sources */ = {isa = PBXBuildFile; fileRef = C83B640B1F19D1DB00F14E78 /* FirebaseClient.swift */; };
		C83B640E1F19D1E600F14E78 /* Trip.swift in Sources */ = {isa = PBXBuildFile; fileRef = C83B640D1F19D1E600F14E78 /* Trip.swift */; };
		E8A8E061ED0FF0AE70B6C7C2 /* Pods_Fich.framework in Frameworks */ = {isa = PBXBuildFile; fileRef = B98BD4FAAA19F05A9FF907FA /* Pods_Fich.framework */; };
/* End PBXBuildFile section */

/* Begin PBXFileReference section */
		84266B0F1F24A476004E304D /* WaypointsViewController.swift */ = {isa = PBXFileReference; lastKnownFileType = sourcecode.swift; path = WaypointsViewController.swift; sourceTree = "<group>"; };
		8434E7F41F2BBC4900795A72 /* Stop.swift */ = {isa = PBXFileReference; lastKnownFileType = sourcecode.swift; path = Stop.swift; sourceTree = "<group>"; };
		844709581F2148730057CE01 /* darkBlueStyle.json */ = {isa = PBXFileReference; fileEncoding = 4; lastKnownFileType = text.json; name = darkBlueStyle.json; path = ../../../Lapze/Lapze/Lapze/darkBlueStyle.json; sourceTree = "<group>"; };
		844AAB751F21442800F20E11 /* UIColorExtension.swift */ = {isa = PBXFileReference; lastKnownFileType = sourcecode.swift; path = UIColorExtension.swift; sourceTree = "<group>"; };
		8460B5AD1F19FA940097B534 /* Base */ = {isa = PBXFileReference; lastKnownFileType = file.storyboard; name = Base; path = Login.storyboard; sourceTree = "<group>"; };
		8460B5B21F1A0FB30097B534 /* LoginVC.swift */ = {isa = PBXFileReference; fileEncoding = 4; lastKnownFileType = sourcecode.swift; path = LoginVC.swift; sourceTree = "<group>"; };
		84A132851F271727002B324B /* StepCell.swift */ = {isa = PBXFileReference; lastKnownFileType = sourcecode.swift; path = StepCell.swift; sourceTree = "<group>"; };
		84A9C2F31F31D040006B571D /* Base */ = {isa = PBXFileReference; lastKnownFileType = file.storyboard; name = Base; path = JoinLobby.storyboard; sourceTree = "<group>"; };
		84A9C2F51F31D32A006B571D /* JoinLobbyViewController.swift */ = {isa = PBXFileReference; lastKnownFileType = sourcecode.swift; path = JoinLobbyViewController.swift; sourceTree = "<group>"; };
		84A9C2F81F31DB64006B571D /* Base */ = {isa = PBXFileReference; lastKnownFileType = file.storyboard; name = Base; path = GroupAndMap.storyboard; sourceTree = "<group>"; };
		84A9C2FA1F31DDD8006B571D /* GroupAndMapViewController.swift */ = {isa = PBXFileReference; lastKnownFileType = sourcecode.swift; path = GroupAndMapViewController.swift; sourceTree = "<group>"; };
		84A9C2FC1F31E2A6006B571D /* GroupTabViewController.swift */ = {isa = PBXFileReference; lastKnownFileType = sourcecode.swift; path = GroupTabViewController.swift; sourceTree = "<group>"; };
		84A9C2FE1F31E2D6006B571D /* MapTabViewController.swift */ = {isa = PBXFileReference; lastKnownFileType = sourcecode.swift; path = MapTabViewController.swift; sourceTree = "<group>"; };
		84B676981F2211A300AD7E20 /* GoogleMapManager.swift */ = {isa = PBXFileReference; lastKnownFileType = sourcecode.swift; path = GoogleMapManager.swift; sourceTree = "<group>"; };
		84DE587A1F263F18009E5B62 /* Step.swift */ = {isa = PBXFileReference; lastKnownFileType = sourcecode.swift; path = Step.swift; sourceTree = "<group>"; };
		84E935821F235FDA0073506C /* LobbyDetailViewController.swift */ = {isa = PBXFileReference; lastKnownFileType = sourcecode.swift; path = LobbyDetailViewController.swift; sourceTree = "<group>"; };
		84E935831F235FDA0073506C /* LobbyDetailViewController.xib */ = {isa = PBXFileReference; lastKnownFileType = file.xib; path = LobbyDetailViewController.xib; sourceTree = "<group>"; };
		84E935861F236E640073506C /* LobbyCell.swift */ = {isa = PBXFileReference; lastKnownFileType = sourcecode.swift; path = LobbyCell.swift; sourceTree = "<group>"; };
		84E935871F236E640073506C /* LobbyCell.xib */ = {isa = PBXFileReference; lastKnownFileType = file.xib; path = LobbyCell.xib; sourceTree = "<group>"; };
		84EEEACB1F1C7F2B0069463D /* PhoneSignupViewController.swift */ = {isa = PBXFileReference; fileEncoding = 4; lastKnownFileType = sourcecode.swift; path = PhoneSignupViewController.swift; sourceTree = "<group>"; };
		84EEEACD1F1C852F0069463D /* UIExtension.swift */ = {isa = PBXFileReference; fileEncoding = 4; lastKnownFileType = sourcecode.swift; name = UIExtension.swift; path = Fich/Extension/UIExtension.swift; sourceTree = SOURCE_ROOT; };
		84EEEACF1F1C9C670069463D /* VerificationCodeViewController.swift */ = {isa = PBXFileReference; fileEncoding = 4; lastKnownFileType = sourcecode.swift; path = VerificationCodeViewController.swift; sourceTree = "<group>"; };
		84EEEB111F1D3EDC0069463D /* NSDataUtilities.swift */ = {isa = PBXFileReference; fileEncoding = 4; lastKnownFileType = sourcecode.swift; path = NSDataUtilities.swift; sourceTree = "<group>"; };
		84EEEB131F1D40150069463D /* Account.swift */ = {isa = PBXFileReference; fileEncoding = 4; lastKnownFileType = sourcecode.swift; path = Account.swift; sourceTree = "<group>"; };
		84EEEB141F1D40150069463D /* DataObject.swift */ = {isa = PBXFileReference; fileEncoding = 4; lastKnownFileType = sourcecode.swift; path = DataObject.swift; sourceTree = "<group>"; };
		84EEEB151F1D40150069463D /* Position.swift */ = {isa = PBXFileReference; fileEncoding = 4; lastKnownFileType = sourcecode.swift; path = Position.swift; sourceTree = "<group>"; };
		84EEEB1A1F1D42450069463D /* Base */ = {isa = PBXFileReference; lastKnownFileType = file.storyboard; name = Base; path = SetUpTrip.storyboard; sourceTree = "<group>"; };
		84EEEB1D1F1D43080069463D /* InitialTripViewController.swift */ = {isa = PBXFileReference; fileEncoding = 4; lastKnownFileType = sourcecode.swift; path = InitialTripViewController.swift; sourceTree = "<group>"; };
		84F8B1781F314EAC00CEA867 /* TripAction.swift */ = {isa = PBXFileReference; lastKnownFileType = sourcecode.swift; path = TripAction.swift; sourceTree = "<group>"; };
		84F8B17B1F314EF200CEA867 /* ChatMeCell.swift */ = {isa = PBXFileReference; lastKnownFileType = sourcecode.swift; path = ChatMeCell.swift; sourceTree = "<group>"; };
		84F8B17C1F314EF200CEA867 /* ChatOtherCell.swift */ = {isa = PBXFileReference; lastKnownFileType = sourcecode.swift; path = ChatOtherCell.swift; sourceTree = "<group>"; };
		84F8B17D1F314EF200CEA867 /* MemberCell.swift */ = {isa = PBXFileReference; lastKnownFileType = sourcecode.swift; path = MemberCell.swift; sourceTree = "<group>"; };
		84F8B17F1F314F1D00CEA867 /* ChatViewController.swift */ = {isa = PBXFileReference; lastKnownFileType = sourcecode.swift; path = ChatViewController.swift; sourceTree = "<group>"; };
		84FD2EBB1F2DFE2600E37CE6 /* GoogleMapThumbView.swift */ = {isa = PBXFileReference; lastKnownFileType = sourcecode.swift; path = GoogleMapThumbView.swift; sourceTree = "<group>"; };
		B98BD4FAAA19F05A9FF907FA /* Pods_Fich.framework */ = {isa = PBXFileReference; explicitFileType = wrapper.framework; includeInIndex = 0; path = Pods_Fich.framework; sourceTree = BUILT_PRODUCTS_DIR; };
		C83B63E71F19D11800F14E78 /* AppDelegate.swift */ = {isa = PBXFileReference; fileEncoding = 4; lastKnownFileType = sourcecode.swift; path = AppDelegate.swift; sourceTree = "<group>"; };
		C83B63EB1F19D11800F14E78 /* Base */ = {isa = PBXFileReference; lastKnownFileType = file.storyboard; name = Base; path = LaunchScreen.storyboard; sourceTree = "<group>"; };
		C83B63EF1F19D11800F14E78 /* DeviceViewController.swift */ = {isa = PBXFileReference; fileEncoding = 4; lastKnownFileType = sourcecode.swift; path = DeviceViewController.swift; sourceTree = "<group>"; };
		C83B63F01F19D11800F14E78 /* LobbyViewController.swift */ = {isa = PBXFileReference; fileEncoding = 4; lastKnownFileType = sourcecode.swift; path = LobbyViewController.swift; sourceTree = "<group>"; };
		C83B63F21F19D11800F14E78 /* DeviceCell.swift */ = {isa = PBXFileReference; fileEncoding = 4; lastKnownFileType = sourcecode.swift; name = DeviceCell.swift; path = ../DeviceCell.swift; sourceTree = "<group>"; };
		C83B63F31F19D11800F14E78 /* GoogleService-Info.plist */ = {isa = PBXFileReference; fileEncoding = 4; lastKnownFileType = text.plist.xml; path = "GoogleService-Info.plist"; sourceTree = "<group>"; };
		C83B63F51F19D11800F14E78 /* Info.plist */ = {isa = PBXFileReference; fileEncoding = 4; lastKnownFileType = text.plist.xml; path = Info.plist; sourceTree = "<group>"; };
		C83B63F81F19D11800F14E78 /* DeviceCell.xib */ = {isa = PBXFileReference; fileEncoding = 4; lastKnownFileType = file.xib; path = DeviceCell.xib; sourceTree = "<group>"; };
		C83B63F91F19D11800F14E78 /* DeviceViewController.xib */ = {isa = PBXFileReference; fileEncoding = 4; lastKnownFileType = file.xib; path = DeviceViewController.xib; sourceTree = "<group>"; };
		C83B63FA1F19D11800F14E78 /* LobbyViewController.xib */ = {isa = PBXFileReference; fileEncoding = 4; lastKnownFileType = file.xib; path = LobbyViewController.xib; sourceTree = "<group>"; };
		C83B64091F19D18400F14E78 /* Assets.xcassets */ = {isa = PBXFileReference; lastKnownFileType = folder.assetcatalog; path = Assets.xcassets; sourceTree = "<group>"; };
		C83B640B1F19D1DB00F14E78 /* FirebaseClient.swift */ = {isa = PBXFileReference; fileEncoding = 4; lastKnownFileType = sourcecode.swift; path = FirebaseClient.swift; sourceTree = "<group>"; };
		C83B640D1F19D1E600F14E78 /* Trip.swift */ = {isa = PBXFileReference; fileEncoding = 4; lastKnownFileType = sourcecode.swift; path = Trip.swift; sourceTree = "<group>"; };
		C83B64141F1C8A0800F14E78 /* Fich.entitlements */ = {isa = PBXFileReference; lastKnownFileType = text.plist.entitlements; path = Fich.entitlements; sourceTree = "<group>"; };
		C840AC9A1F1225FA00FD7C92 /* Fich.app */ = {isa = PBXFileReference; explicitFileType = wrapper.application; includeInIndex = 0; path = Fich.app; sourceTree = BUILT_PRODUCTS_DIR; };
		DE47706EF4CD5B0948AA9DF3 /* Pods-Fich.release.xcconfig */ = {isa = PBXFileReference; includeInIndex = 1; lastKnownFileType = text.xcconfig; name = "Pods-Fich.release.xcconfig"; path = "Pods/Target Support Files/Pods-Fich/Pods-Fich.release.xcconfig"; sourceTree = "<group>"; };
		DEACCB10E825E1E6C0E30A36 /* Pods-Fich.debug.xcconfig */ = {isa = PBXFileReference; includeInIndex = 1; lastKnownFileType = text.xcconfig; name = "Pods-Fich.debug.xcconfig"; path = "Pods/Target Support Files/Pods-Fich/Pods-Fich.debug.xcconfig"; sourceTree = "<group>"; };
/* End PBXFileReference section */

/* Begin PBXFrameworksBuildPhase section */
		C840AC971F1225FA00FD7C92 /* Frameworks */ = {
			isa = PBXFrameworksBuildPhase;
			buildActionMask = 2147483647;
			files = (
				E8A8E061ED0FF0AE70B6C7C2 /* Pods_Fich.framework in Frameworks */,
			);
			runOnlyForDeploymentPostprocessing = 0;
		};
/* End PBXFrameworksBuildPhase section */

/* Begin PBXGroup section */
		18512EB46ED1C48253C1D7AC /* Frameworks */ = {
			isa = PBXGroup;
			children = (
				B98BD4FAAA19F05A9FF907FA /* Pods_Fich.framework */,
			);
			name = Frameworks;
			sourceTree = "<group>";
		};
		4C142CE8CF9C22A9293D2112 /* Pods */ = {
			isa = PBXGroup;
			children = (
				DEACCB10E825E1E6C0E30A36 /* Pods-Fich.debug.xcconfig */,
				DE47706EF4CD5B0948AA9DF3 /* Pods-Fich.release.xcconfig */,
			);
			name = Pods;
			sourceTree = "<group>";
		};
		844AAB771F21449F00F20E11 /* Extension */ = {
			isa = PBXGroup;
			children = (
				84EEEACD1F1C852F0069463D /* UIExtension.swift */,
				844AAB751F21442800F20E11 /* UIColorExtension.swift */,
			);
			path = Extension;
			sourceTree = "<group>";
		};
		8460B5AF1F1A079F0097B534 /* Login */ = {
			isa = PBXGroup;
			children = (
				8460B5B21F1A0FB30097B534 /* LoginVC.swift */,
				84EEEACB1F1C7F2B0069463D /* PhoneSignupViewController.swift */,
				84EEEACF1F1C9C670069463D /* VerificationCodeViewController.swift */,
			);
			name = Login;
			sourceTree = "<group>";
		};
		84B676971F22113900AD7E20 /* Manager */ = {
			isa = PBXGroup;
			children = (
				84B676981F2211A300AD7E20 /* GoogleMapManager.swift */,
				84FD2EBB1F2DFE2600E37CE6 /* GoogleMapThumbView.swift */,
			);
			path = Manager;
			sourceTree = "<group>";
		};
		84CB35D51F1BBF6F00B64A61 /* Device */ = {
			isa = PBXGroup;
			children = (
				C83B63EF1F19D11800F14E78 /* DeviceViewController.swift */,
			);
			name = Device;
			sourceTree = "<group>";
		};
		84CB35D61F1BBF7800B64A61 /* Lobby */ = {
			isa = PBXGroup;
			children = (
				C83B63F01F19D11800F14E78 /* LobbyViewController.swift */,
				C83B63F21F19D11800F14E78 /* DeviceCell.swift */,
				84E935821F235FDA0073506C /* LobbyDetailViewController.swift */,
				84E935861F236E640073506C /* LobbyCell.swift */,
			);
			name = Lobby;
			sourceTree = "<group>";
		};
		84EEEB1C1F1D42EE0069463D /* InitialTrip */ = {
			isa = PBXGroup;
			children = (
				84EEEB1D1F1D43080069463D /* InitialTripViewController.swift */,
				84266B0F1F24A476004E304D /* WaypointsViewController.swift */,
				84A132851F271727002B324B /* StepCell.swift */,
			);
			name = InitialTrip;
			sourceTree = "<group>";
		};
		C83B63E51F19D0E100F14E78 /* Fich */ = {
			isa = PBXGroup;
			children = (
				84B676971F22113900AD7E20 /* Manager */,
				844AAB771F21449F00F20E11 /* Extension */,
				C83B64141F1C8A0800F14E78 /* Fich.entitlements */,
				C83B64081F19D12500F14E78 /* Resource */,
				C83B63E61F19D11800F14E78 /* API */,
				C83B63E71F19D11800F14E78 /* AppDelegate.swift */,
				C83B63E91F19D11800F14E78 /* Base.lproj */,
				C83B63EE1F19D11800F14E78 /* Controller */,
				C83B63F31F19D11800F14E78 /* GoogleService-Info.plist */,
				C83B63F51F19D11800F14E78 /* Info.plist */,
				C83B63F61F19D11800F14E78 /* Model */,
				C83B63F71F19D11800F14E78 /* View */,
			);
			path = Fich;
			sourceTree = "<group>";
		};
		C83B63E61F19D11800F14E78 /* API */ = {
			isa = PBXGroup;
			children = (
				84EEEB111F1D3EDC0069463D /* NSDataUtilities.swift */,
				C83B640B1F19D1DB00F14E78 /* FirebaseClient.swift */,
			);
			path = API;
			sourceTree = "<group>";
		};
		C83B63E91F19D11800F14E78 /* Base.lproj */ = {
			isa = PBXGroup;
			children = (
				C83B63EA1F19D11800F14E78 /* LaunchScreen.storyboard */,
				8460B5AC1F19FA940097B534 /* Login.storyboard */,
				84EEEB191F1D42450069463D /* SetUpTrip.storyboard */,
				84A9C2F21F31D040006B571D /* JoinLobby.storyboard */,
				84A9C2F71F31DB64006B571D /* GroupAndMap.storyboard */,
			);
			path = Base.lproj;
			sourceTree = "<group>";
		};
		C83B63EE1F19D11800F14E78 /* Controller */ = {
			isa = PBXGroup;
			children = (
				84F8B17F1F314F1D00CEA867 /* ChatViewController.swift */,
				84A9C2F51F31D32A006B571D /* JoinLobbyViewController.swift */,
				84A9C2FA1F31DDD8006B571D /* GroupAndMapViewController.swift */,
				84A9C2FE1F31E2D6006B571D /* MapTabViewController.swift */,
				84A9C2FC1F31E2A6006B571D /* GroupTabViewController.swift */,
				84EEEB1C1F1D42EE0069463D /* InitialTrip */,
				84CB35D61F1BBF7800B64A61 /* Lobby */,
				84CB35D51F1BBF6F00B64A61 /* Device */,
				8460B5AF1F1A079F0097B534 /* Login */,
			);
			path = Controller;
			sourceTree = "<group>";
		};
		C83B63F61F19D11800F14E78 /* Model */ = {
			isa = PBXGroup;
			children = (
				84F8B1781F314EAC00CEA867 /* TripAction.swift */,
				84EEEB131F1D40150069463D /* Account.swift */,
				84EEEB141F1D40150069463D /* DataObject.swift */,
				84EEEB151F1D40150069463D /* Position.swift */,
				C83B640D1F19D1E600F14E78 /* Trip.swift */,
				84DE587A1F263F18009E5B62 /* Step.swift */,
				8434E7F41F2BBC4900795A72 /* Stop.swift */,
			);
			path = Model;
			sourceTree = "<group>";
		};
		C83B63F71F19D11800F14E78 /* View */ = {
			isa = PBXGroup;
			children = (
				84F8B17B1F314EF200CEA867 /* ChatMeCell.swift */,
				84F8B17C1F314EF200CEA867 /* ChatOtherCell.swift */,
				84F8B17D1F314EF200CEA867 /* MemberCell.swift */,
				C83B63F81F19D11800F14E78 /* DeviceCell.xib */,
				C83B63F91F19D11800F14E78 /* DeviceViewController.xib */,
				C83B63FA1F19D11800F14E78 /* LobbyViewController.xib */,
				84E935871F236E640073506C /* LobbyCell.xib */,
				84E935831F235FDA0073506C /* LobbyDetailViewController.xib */,
			);
			path = View;
			sourceTree = "<group>";
		};
		C83B64081F19D12500F14E78 /* Resource */ = {
			isa = PBXGroup;
			children = (
				844709581F2148730057CE01 /* darkBlueStyle.json */,
				C83B64091F19D18400F14E78 /* Assets.xcassets */,
			);
			path = Resource;
			sourceTree = "<group>";
		};
		C840AC911F1225FA00FD7C92 = {
			isa = PBXGroup;
			children = (
				C83B63E51F19D0E100F14E78 /* Fich */,
				C840AC9B1F1225FA00FD7C92 /* Products */,
				4C142CE8CF9C22A9293D2112 /* Pods */,
				18512EB46ED1C48253C1D7AC /* Frameworks */,
			);
			sourceTree = "<group>";
		};
		C840AC9B1F1225FA00FD7C92 /* Products */ = {
			isa = PBXGroup;
			children = (
				C840AC9A1F1225FA00FD7C92 /* Fich.app */,
			);
			name = Products;
			sourceTree = "<group>";
		};
/* End PBXGroup section */

/* Begin PBXNativeTarget section */
		C840AC991F1225FA00FD7C92 /* Fich */ = {
			isa = PBXNativeTarget;
			buildConfigurationList = C840ACAC1F1225FA00FD7C92 /* Build configuration list for PBXNativeTarget "Fich" */;
			buildPhases = (
				A5627855CC538E12B6EE9D7F /* [CP] Check Pods Manifest.lock */,
				C840AC961F1225FA00FD7C92 /* Sources */,
				C840AC971F1225FA00FD7C92 /* Frameworks */,
				C840AC981F1225FA00FD7C92 /* Resources */,
				E2A8CB7F34D084EDD3B07396 /* [CP] Embed Pods Frameworks */,
				5BCFF3209056BABC312806E7 /* [CP] Copy Pods Resources */,
			);
			buildRules = (
			);
			dependencies = (
			);
			name = Fich;
			productName = Fich;
			productReference = C840AC9A1F1225FA00FD7C92 /* Fich.app */;
			productType = "com.apple.product-type.application";
		};
/* End PBXNativeTarget section */

/* Begin PBXProject section */
		C840AC921F1225FA00FD7C92 /* Project object */ = {
			isa = PBXProject;
			attributes = {
				LastSwiftUpdateCheck = 0830;
				LastUpgradeCheck = 0830;
				ORGANIZATIONNAME = fichteam;
				TargetAttributes = {
					C840AC991F1225FA00FD7C92 = {
						CreatedOnToolsVersion = 8.3.3;
						DevelopmentTeam = J4SBTXU25L;
						LastSwiftMigration = 0830;
						ProvisioningStyle = Automatic;
						SystemCapabilities = {
							com.apple.BackgroundModes = {
								enabled = 1;
							};
							com.apple.Push = {
								enabled = 1;
							};
						};
					};
				};
			};
			buildConfigurationList = C840AC951F1225FA00FD7C92 /* Build configuration list for PBXProject "Fich" */;
			compatibilityVersion = "Xcode 3.2";
			developmentRegion = English;
			hasScannedForEncodings = 0;
			knownRegions = (
				en,
				Base,
			);
			mainGroup = C840AC911F1225FA00FD7C92;
			productRefGroup = C840AC9B1F1225FA00FD7C92 /* Products */;
			projectDirPath = "";
			projectRoot = "";
			targets = (
				C840AC991F1225FA00FD7C92 /* Fich */,
			);
		};
/* End PBXProject section */

/* Begin PBXResourcesBuildPhase section */
		C840AC981F1225FA00FD7C92 /* Resources */ = {
			isa = PBXResourcesBuildPhase;
			buildActionMask = 2147483647;
			files = (
				844709591F2148730057CE01 /* darkBlueStyle.json in Resources */,
				84A9C2F91F31DB64006B571D /* GroupAndMap.storyboard in Resources */,
				C83B64031F19D11800F14E78 /* GoogleService-Info.plist in Resources */,
				84A9C2F41F31D040006B571D /* JoinLobby.storyboard in Resources */,
				C83B64041F19D11800F14E78 /* Info.plist in Resources */,
				84E935891F236E640073506C /* LobbyCell.xib in Resources */,
				C83B64061F19D11800F14E78 /* DeviceViewController.xib in Resources */,
				C83B63FD1F19D11800F14E78 /* LaunchScreen.storyboard in Resources */,
				84EEEB1B1F1D42450069463D /* SetUpTrip.storyboard in Resources */,
				C83B64051F19D11800F14E78 /* DeviceCell.xib in Resources */,
				84E935851F235FDA0073506C /* LobbyDetailViewController.xib in Resources */,
				C83B640A1F19D18400F14E78 /* Assets.xcassets in Resources */,
				C83B64071F19D11900F14E78 /* LobbyViewController.xib in Resources */,
				8460B5AE1F19FA940097B534 /* Login.storyboard in Resources */,
			);
			runOnlyForDeploymentPostprocessing = 0;
		};
/* End PBXResourcesBuildPhase section */

/* Begin PBXShellScriptBuildPhase section */
		5BCFF3209056BABC312806E7 /* [CP] Copy Pods Resources */ = {
			isa = PBXShellScriptBuildPhase;
			buildActionMask = 2147483647;
			files = (
			);
			inputPaths = (
			);
			name = "[CP] Copy Pods Resources";
			outputPaths = (
			);
			runOnlyForDeploymentPostprocessing = 0;
			shellPath = /bin/sh;
			shellScript = "\"${SRCROOT}/Pods/Target Support Files/Pods-Fich/Pods-Fich-resources.sh\"\n";
			showEnvVarsInLog = 0;
		};
		A5627855CC538E12B6EE9D7F /* [CP] Check Pods Manifest.lock */ = {
			isa = PBXShellScriptBuildPhase;
			buildActionMask = 2147483647;
			files = (
			);
			inputPaths = (
			);
			name = "[CP] Check Pods Manifest.lock";
			outputPaths = (
			);
			runOnlyForDeploymentPostprocessing = 0;
			shellPath = /bin/sh;
			shellScript = "diff \"${PODS_PODFILE_DIR_PATH}/Podfile.lock\" \"${PODS_ROOT}/Manifest.lock\" > /dev/null\nif [ $? != 0 ] ; then\n    # print error to STDERR\n    echo \"error: The sandbox is not in sync with the Podfile.lock. Run 'pod install' or update your CocoaPods installation.\" >&2\n    exit 1\nfi\n";
			showEnvVarsInLog = 0;
		};
		E2A8CB7F34D084EDD3B07396 /* [CP] Embed Pods Frameworks */ = {
			isa = PBXShellScriptBuildPhase;
			buildActionMask = 2147483647;
			files = (
			);
			inputPaths = (
			);
			name = "[CP] Embed Pods Frameworks";
			outputPaths = (
			);
			runOnlyForDeploymentPostprocessing = 0;
			shellPath = /bin/sh;
			shellScript = "\"${SRCROOT}/Pods/Target Support Files/Pods-Fich/Pods-Fich-frameworks.sh\"\n";
			showEnvVarsInLog = 0;
		};
/* End PBXShellScriptBuildPhase section */

/* Begin PBXSourcesBuildPhase section */
		C840AC961F1225FA00FD7C92 /* Sources */ = {
			isa = PBXSourcesBuildPhase;
			buildActionMask = 2147483647;
			files = (
				844AAB761F21442800F20E11 /* UIColorExtension.swift in Sources */,
				C83B64001F19D11800F14E78 /* LobbyViewController.swift in Sources */,
				84EEEB161F1D40150069463D /* Account.swift in Sources */,
				84EEEB1E1F1D43080069463D /* InitialTripViewController.swift in Sources */,
				84EEEB171F1D40150069463D /* DataObject.swift in Sources */,
				84EEEACC1F1C7F2B0069463D /* PhoneSignupViewController.swift in Sources */,
				84266B101F24A476004E304D /* WaypointsViewController.swift in Sources */,
				C83B63FF1F19D11800F14E78 /* DeviceViewController.swift in Sources */,
				8460B5B31F1A0FB30097B534 /* LoginVC.swift in Sources */,
				84A9C2FD1F31E2A6006B571D /* GroupTabViewController.swift in Sources */,
				84A132861F271727002B324B /* StepCell.swift in Sources */,
				84EEEACE1F1C852F0069463D /* UIExtension.swift in Sources */,
				84EEEB181F1D40150069463D /* Position.swift in Sources */,
				C83B64021F19D11800F14E78 /* DeviceCell.swift in Sources */,
				84A9C2F61F31D32A006B571D /* JoinLobbyViewController.swift in Sources */,
				84EEEB121F1D3EDC0069463D /* NSDataUtilities.swift in Sources */,
				C83B63FB1F19D11800F14E78 /* AppDelegate.swift in Sources */,
				84A9C2FF1F31E2D6006B571D /* MapTabViewController.swift in Sources */,
				8434E7F51F2BBC4900795A72 /* Stop.swift in Sources */,
				84A9C2FB1F31DDD8006B571D /* GroupAndMapViewController.swift in Sources */,
				84E935881F236E640073506C /* LobbyCell.swift in Sources */,
				84FD2EBC1F2DFE2600E37CE6 /* GoogleMapThumbView.swift in Sources */,
				C83B640E1F19D1E600F14E78 /* Trip.swift in Sources */,
				84B676991F2211A300AD7E20 /* GoogleMapManager.swift in Sources */,
				84DE587B1F263F18009E5B62 /* Step.swift in Sources */,
				84E935841F235FDA0073506C /* LobbyDetailViewController.swift in Sources */,
				84EEEAD01F1C9C670069463D /* VerificationCodeViewController.swift in Sources */,
				C83B640C1F19D1DB00F14E78 /* FirebaseClient.swift in Sources */,
			);
			runOnlyForDeploymentPostprocessing = 0;
		};
/* End PBXSourcesBuildPhase section */

/* Begin PBXVariantGroup section */
		8460B5AC1F19FA940097B534 /* Login.storyboard */ = {
			isa = PBXVariantGroup;
			children = (
				8460B5AD1F19FA940097B534 /* Base */,
			);
			name = Login.storyboard;
			sourceTree = "<group>";
		};
		84A9C2F21F31D040006B571D /* JoinLobby.storyboard */ = {
			isa = PBXVariantGroup;
			children = (
				84A9C2F31F31D040006B571D /* Base */,
			);
			name = JoinLobby.storyboard;
			sourceTree = "<group>";
		};
		84A9C2F71F31DB64006B571D /* GroupAndMap.storyboard */ = {
			isa = PBXVariantGroup;
			children = (
				84A9C2F81F31DB64006B571D /* Base */,
			);
			name = GroupAndMap.storyboard;
			sourceTree = "<group>";
		};
		84EEEB191F1D42450069463D /* SetUpTrip.storyboard */ = {
			isa = PBXVariantGroup;
			children = (
				84EEEB1A1F1D42450069463D /* Base */,
			);
			name = SetUpTrip.storyboard;
			sourceTree = "<group>";
		};
		C83B63EA1F19D11800F14E78 /* LaunchScreen.storyboard */ = {
			isa = PBXVariantGroup;
			children = (
				C83B63EB1F19D11800F14E78 /* Base */,
			);
			name = LaunchScreen.storyboard;
			sourceTree = "<group>";
		};
/* End PBXVariantGroup section */

/* Begin XCBuildConfiguration section */
		C840ACAA1F1225FA00FD7C92 /* Debug */ = {
			isa = XCBuildConfiguration;
			buildSettings = {
				ALWAYS_SEARCH_USER_PATHS = NO;
				CLANG_ANALYZER_NONNULL = YES;
				CLANG_ANALYZER_NUMBER_OBJECT_CONVERSION = YES_AGGRESSIVE;
				CLANG_CXX_LANGUAGE_STANDARD = "gnu++0x";
				CLANG_CXX_LIBRARY = "libc++";
				CLANG_ENABLE_MODULES = YES;
				CLANG_ENABLE_OBJC_ARC = YES;
				CLANG_WARN_BOOL_CONVERSION = YES;
				CLANG_WARN_CONSTANT_CONVERSION = YES;
				CLANG_WARN_DIRECT_OBJC_ISA_USAGE = YES_ERROR;
				CLANG_WARN_DOCUMENTATION_COMMENTS = YES;
				CLANG_WARN_EMPTY_BODY = YES;
				CLANG_WARN_ENUM_CONVERSION = YES;
				CLANG_WARN_INFINITE_RECURSION = YES;
				CLANG_WARN_INT_CONVERSION = YES;
				CLANG_WARN_OBJC_ROOT_CLASS = YES_ERROR;
				CLANG_WARN_SUSPICIOUS_MOVE = YES;
				CLANG_WARN_UNREACHABLE_CODE = YES;
				CLANG_WARN__DUPLICATE_METHOD_MATCH = YES;
				"CODE_SIGN_IDENTITY[sdk=iphoneos*]" = "iPhone Developer";
				COPY_PHASE_STRIP = NO;
				DEBUG_INFORMATION_FORMAT = dwarf;
				ENABLE_STRICT_OBJC_MSGSEND = YES;
				ENABLE_TESTABILITY = YES;
				GCC_C_LANGUAGE_STANDARD = gnu99;
				GCC_DYNAMIC_NO_PIC = NO;
				GCC_NO_COMMON_BLOCKS = YES;
				GCC_OPTIMIZATION_LEVEL = 0;
				GCC_PREPROCESSOR_DEFINITIONS = (
					"DEBUG=1",
					"$(inherited)",
				);
				GCC_WARN_64_TO_32_BIT_CONVERSION = YES;
				GCC_WARN_ABOUT_RETURN_TYPE = YES_ERROR;
				GCC_WARN_UNDECLARED_SELECTOR = YES;
				GCC_WARN_UNINITIALIZED_AUTOS = YES_AGGRESSIVE;
				GCC_WARN_UNUSED_FUNCTION = YES;
				GCC_WARN_UNUSED_VARIABLE = YES;
				IPHONEOS_DEPLOYMENT_TARGET = 10.3;
				MTL_ENABLE_DEBUG_INFO = YES;
				ONLY_ACTIVE_ARCH = YES;
				SDKROOT = iphoneos;
				SWIFT_ACTIVE_COMPILATION_CONDITIONS = DEBUG;
				SWIFT_OPTIMIZATION_LEVEL = "-Onone";
			};
			name = Debug;
		};
		C840ACAB1F1225FA00FD7C92 /* Release */ = {
			isa = XCBuildConfiguration;
			buildSettings = {
				ALWAYS_SEARCH_USER_PATHS = NO;
				CLANG_ANALYZER_NONNULL = YES;
				CLANG_ANALYZER_NUMBER_OBJECT_CONVERSION = YES_AGGRESSIVE;
				CLANG_CXX_LANGUAGE_STANDARD = "gnu++0x";
				CLANG_CXX_LIBRARY = "libc++";
				CLANG_ENABLE_MODULES = YES;
				CLANG_ENABLE_OBJC_ARC = YES;
				CLANG_WARN_BOOL_CONVERSION = YES;
				CLANG_WARN_CONSTANT_CONVERSION = YES;
				CLANG_WARN_DIRECT_OBJC_ISA_USAGE = YES_ERROR;
				CLANG_WARN_DOCUMENTATION_COMMENTS = YES;
				CLANG_WARN_EMPTY_BODY = YES;
				CLANG_WARN_ENUM_CONVERSION = YES;
				CLANG_WARN_INFINITE_RECURSION = YES;
				CLANG_WARN_INT_CONVERSION = YES;
				CLANG_WARN_OBJC_ROOT_CLASS = YES_ERROR;
				CLANG_WARN_SUSPICIOUS_MOVE = YES;
				CLANG_WARN_UNREACHABLE_CODE = YES;
				CLANG_WARN__DUPLICATE_METHOD_MATCH = YES;
				"CODE_SIGN_IDENTITY[sdk=iphoneos*]" = "iPhone Developer";
				COPY_PHASE_STRIP = NO;
				DEBUG_INFORMATION_FORMAT = "dwarf-with-dsym";
				ENABLE_NS_ASSERTIONS = NO;
				ENABLE_STRICT_OBJC_MSGSEND = YES;
				GCC_C_LANGUAGE_STANDARD = gnu99;
				GCC_NO_COMMON_BLOCKS = YES;
				GCC_WARN_64_TO_32_BIT_CONVERSION = YES;
				GCC_WARN_ABOUT_RETURN_TYPE = YES_ERROR;
				GCC_WARN_UNDECLARED_SELECTOR = YES;
				GCC_WARN_UNINITIALIZED_AUTOS = YES_AGGRESSIVE;
				GCC_WARN_UNUSED_FUNCTION = YES;
				GCC_WARN_UNUSED_VARIABLE = YES;
				IPHONEOS_DEPLOYMENT_TARGET = 10.3;
				MTL_ENABLE_DEBUG_INFO = NO;
				SDKROOT = iphoneos;
				SWIFT_OPTIMIZATION_LEVEL = "-Owholemodule";
				VALIDATE_PRODUCT = YES;
			};
			name = Release;
		};
		C840ACAD1F1225FA00FD7C92 /* Debug */ = {
			isa = XCBuildConfiguration;
			baseConfigurationReference = DEACCB10E825E1E6C0E30A36 /* Pods-Fich.debug.xcconfig */;
			buildSettings = {
				ASSETCATALOG_COMPILER_APPICON_NAME = AppIcon;
				CLANG_ENABLE_MODULES = YES;
				CODE_SIGN_ENTITLEMENTS = Fich/Fich.entitlements;
				DEVELOPMENT_TEAM = J4SBTXU25L;
				INFOPLIST_FILE = Fich/Info.plist;
				LD_RUNPATH_SEARCH_PATHS = "$(inherited) @executable_path/Frameworks";
				PRODUCT_BUNDLE_IDENTIFIER = com.fichteam.fichapp;
				PRODUCT_NAME = "$(TARGET_NAME)";
				SWIFT_OPTIMIZATION_LEVEL = "-Onone";
				SWIFT_VERSION = 3.0;
			};
			name = Debug;
		};
		C840ACAE1F1225FA00FD7C92 /* Release */ = {
			isa = XCBuildConfiguration;
			baseConfigurationReference = DE47706EF4CD5B0948AA9DF3 /* Pods-Fich.release.xcconfig */;
			buildSettings = {
				ASSETCATALOG_COMPILER_APPICON_NAME = AppIcon;
				CLANG_ENABLE_MODULES = YES;
				CODE_SIGN_ENTITLEMENTS = Fich/Fich.entitlements;
				DEVELOPMENT_TEAM = J4SBTXU25L;
				INFOPLIST_FILE = Fich/Info.plist;
				LD_RUNPATH_SEARCH_PATHS = "$(inherited) @executable_path/Frameworks";
				PRODUCT_BUNDLE_IDENTIFIER = com.fichteam.fichapp;
				PRODUCT_NAME = "$(TARGET_NAME)";
				SWIFT_VERSION = 3.0;
			};
			name = Release;
		};
/* End XCBuildConfiguration section */

/* Begin XCConfigurationList section */
		C840AC951F1225FA00FD7C92 /* Build configuration list for PBXProject "Fich" */ = {
			isa = XCConfigurationList;
			buildConfigurations = (
				C840ACAA1F1225FA00FD7C92 /* Debug */,
				C840ACAB1F1225FA00FD7C92 /* Release */,
			);
			defaultConfigurationIsVisible = 0;
			defaultConfigurationName = Release;
		};
		C840ACAC1F1225FA00FD7C92 /* Build configuration list for PBXNativeTarget "Fich" */ = {
			isa = XCConfigurationList;
			buildConfigurations = (
				C840ACAD1F1225FA00FD7C92 /* Debug */,
				C840ACAE1F1225FA00FD7C92 /* Release */,
			);
			defaultConfigurationIsVisible = 0;
			defaultConfigurationName = Release;
		};
/* End XCConfigurationList section */
	};
	rootObject = C840AC921F1225FA00FD7C92 /* Project object */;
}
